// !$*UTF8*$!
{
	archiveVersion = 1;
	classes = {
	};
	objectVersion = 46;
	objects = {

/* Begin PBXBuildFile section */
		2572E12F1D8DD1BA0039C4C4 /* main.m in Sources */ = {isa = PBXBuildFile; fileRef = 2572E12E1D8DD1BA0039C4C4 /* main.m */; };
		2572E1321D8DD1BA0039C4C4 /* AppDelegate.m in Sources */ = {isa = PBXBuildFile; fileRef = 2572E1311D8DD1BA0039C4C4 /* AppDelegate.m */; };
		2572E1351D8DD1BA0039C4C4 /* ViewController.m in Sources */ = {isa = PBXBuildFile; fileRef = 2572E1341D8DD1BA0039C4C4 /* ViewController.m */; };
		2572E1381D8DD1BA0039C4C4 /* Main.storyboard in Resources */ = {isa = PBXBuildFile; fileRef = 2572E1361D8DD1BA0039C4C4 /* Main.storyboard */; };
		2572E13A1D8DD1BA0039C4C4 /* Assets.xcassets in Resources */ = {isa = PBXBuildFile; fileRef = 2572E1391D8DD1BA0039C4C4 /* Assets.xcassets */; };
		2572E13D1D8DD1BA0039C4C4 /* LaunchScreen.storyboard in Resources */ = {isa = PBXBuildFile; fileRef = 2572E13B1D8DD1BA0039C4C4 /* LaunchScreen.storyboard */; };
		2572E1481D8DD1BA0039C4C4 /* SkipTests.m in Sources */ = {isa = PBXBuildFile; fileRef = 2572E1471D8DD1BA0039C4C4 /* SkipTests.m */; };
		2572E1531D8DD1BA0039C4C4 /* SkipUITests.m in Sources */ = {isa = PBXBuildFile; fileRef = 2572E1521D8DD1BA0039C4C4 /* SkipUITests.m */; };
/* End PBXBuildFile section */

/* Begin PBXContainerItemProxy section */
		2572E1441D8DD1BA0039C4C4 /* PBXContainerItemProxy */ = {
			isa = PBXContainerItemProxy;
			containerPortal = 2572E1221D8DD1BA0039C4C4 /* Project object */;
			proxyType = 1;
			remoteGlobalIDString = 2572E1291D8DD1BA0039C4C4;
			remoteInfo = Skip;
		};
		2572E14F1D8DD1BA0039C4C4 /* PBXContainerItemProxy */ = {
			isa = PBXContainerItemProxy;
			containerPortal = 2572E1221D8DD1BA0039C4C4 /* Project object */;
			proxyType = 1;
			remoteGlobalIDString = 2572E1291D8DD1BA0039C4C4;
			remoteInfo = Skip;
		};
/* End PBXContainerItemProxy section */

/* Begin PBXFileReference section */
		2572E12A1D8DD1BA0039C4C4 /* Skip.app */ = {isa = PBXFileReference; explicitFileType = wrapper.application; includeInIndex = 0; path = Skip.app; sourceTree = BUILT_PRODUCTS_DIR; };
		2572E12E1D8DD1BA0039C4C4 /* main.m */ = {isa = PBXFileReference; lastKnownFileType = sourcecode.c.objc; path = main.m; sourceTree = "<group>"; };
		2572E1301D8DD1BA0039C4C4 /* AppDelegate.h */ = {isa = PBXFileReference; lastKnownFileType = sourcecode.c.h; path = AppDelegate.h; sourceTree = "<group>"; };
		2572E1311D8DD1BA0039C4C4 /* AppDelegate.m */ = {isa = PBXFileReference; lastKnownFileType = sourcecode.c.objc; path = AppDelegate.m; sourceTree = "<group>"; };
		2572E1331D8DD1BA0039C4C4 /* ViewController.h */ = {isa = PBXFileReference; lastKnownFileType = sourcecode.c.h; path = ViewController.h; sourceTree = "<group>"; };
		2572E1341D8DD1BA0039C4C4 /* ViewController.m */ = {isa = PBXFileReference; lastKnownFileType = sourcecode.c.objc; path = ViewController.m; sourceTree = "<group>"; };
		2572E1371D8DD1BA0039C4C4 /* Base */ = {isa = PBXFileReference; lastKnownFileType = file.storyboard; name = Base; path = Base.lproj/Main.storyboard; sourceTree = "<group>"; };
		2572E1391D8DD1BA0039C4C4 /* Assets.xcassets */ = {isa = PBXFileReference; lastKnownFileType = folder.assetcatalog; path = Assets.xcassets; sourceTree = "<group>"; };
		2572E13C1D8DD1BA0039C4C4 /* Base */ = {isa = PBXFileReference; lastKnownFileType = file.storyboard; name = Base; path = Base.lproj/LaunchScreen.storyboard; sourceTree = "<group>"; };
		2572E13E1D8DD1BA0039C4C4 /* Info.plist */ = {isa = PBXFileReference; lastKnownFileType = text.plist.xml; path = Info.plist; sourceTree = "<group>"; };
		2572E1431D8DD1BA0039C4C4 /* SkipTests.xctest */ = {isa = PBXFileReference; explicitFileType = wrapper.cfbundle; includeInIndex = 0; path = SkipTests.xctest; sourceTree = BUILT_PRODUCTS_DIR; };
		2572E1471D8DD1BA0039C4C4 /* SkipTests.m */ = {isa = PBXFileReference; lastKnownFileType = sourcecode.c.objc; path = SkipTests.m; sourceTree = "<group>"; };
		2572E1491D8DD1BA0039C4C4 /* Info.plist */ = {isa = PBXFileReference; lastKnownFileType = text.plist.xml; path = Info.plist; sourceTree = "<group>"; };
		2572E14E1D8DD1BA0039C4C4 /* SkipUITests.xctest */ = {isa = PBXFileReference; explicitFileType = wrapper.cfbundle; includeInIndex = 0; path = SkipUITests.xctest; sourceTree = BUILT_PRODUCTS_DIR; };
		2572E1521D8DD1BA0039C4C4 /* SkipUITests.m */ = {isa = PBXFileReference; lastKnownFileType = sourcecode.c.objc; path = SkipUITests.m; sourceTree = "<group>"; };
		2572E1541D8DD1BA0039C4C4 /* Info.plist */ = {isa = PBXFileReference; lastKnownFileType = text.plist.xml; path = Info.plist; sourceTree = "<group>"; };
/* End PBXFileReference section */

/* Begin PBXFrameworksBuildPhase section */
		2572E1271D8DD1BA0039C4C4 /* Frameworks */ = {
			isa = PBXFrameworksBuildPhase;
			buildActionMask = 2147483647;
			files = (
			);
			runOnlyForDeploymentPostprocessing = 0;
		};
		2572E1401D8DD1BA0039C4C4 /* Frameworks */ = {
			isa = PBXFrameworksBuildPhase;
			buildActionMask = 2147483647;
			files = (
			);
			runOnlyForDeploymentPostprocessing = 0;
		};
		2572E14B1D8DD1BA0039C4C4 /* Frameworks */ = {
			isa = PBXFrameworksBuildPhase;
			buildActionMask = 2147483647;
			files = (
			);
			runOnlyForDeploymentPostprocessing = 0;
		};
/* End PBXFrameworksBuildPhase section */

/* Begin PBXGroup section */
		2572E1211D8DD1BA0039C4C4 = {
			isa = PBXGroup;
			children = (
				2572E12C1D8DD1BA0039C4C4 /* Skip */,
				2572E1461D8DD1BA0039C4C4 /* SkipTests */,
				2572E1511D8DD1BA0039C4C4 /* SkipUITests */,
				2572E12B1D8DD1BA0039C4C4 /* Products */,
			);
			sourceTree = "<group>";
		};
		2572E12B1D8DD1BA0039C4C4 /* Products */ = {
			isa = PBXGroup;
			children = (
				2572E12A1D8DD1BA0039C4C4 /* Skip.app */,
				2572E1431D8DD1BA0039C4C4 /* SkipTests.xctest */,
				2572E14E1D8DD1BA0039C4C4 /* SkipUITests.xctest */,
			);
			name = Products;
			sourceTree = "<group>";
		};
		2572E12C1D8DD1BA0039C4C4 /* Skip */ = {
			isa = PBXGroup;
			children = (
				2572E1301D8DD1BA0039C4C4 /* AppDelegate.h */,
				2572E1311D8DD1BA0039C4C4 /* AppDelegate.m */,
				2572E1331D8DD1BA0039C4C4 /* ViewController.h */,
				2572E1341D8DD1BA0039C4C4 /* ViewController.m */,
				2572E1361D8DD1BA0039C4C4 /* Main.storyboard */,
				2572E1391D8DD1BA0039C4C4 /* Assets.xcassets */,
				2572E13B1D8DD1BA0039C4C4 /* LaunchScreen.storyboard */,
				2572E13E1D8DD1BA0039C4C4 /* Info.plist */,
				2572E12D1D8DD1BA0039C4C4 /* Supporting Files */,
			);
			path = Skip;
			sourceTree = "<group>";
		};
		2572E12D1D8DD1BA0039C4C4 /* Supporting Files */ = {
			isa = PBXGroup;
			children = (
				2572E12E1D8DD1BA0039C4C4 /* main.m */,
			);
			name = "Supporting Files";
			sourceTree = "<group>";
		};
		2572E1461D8DD1BA0039C4C4 /* SkipTests */ = {
			isa = PBXGroup;
			children = (
				2572E1471D8DD1BA0039C4C4 /* SkipTests.m */,
				2572E1491D8DD1BA0039C4C4 /* Info.plist */,
			);
			path = SkipTests;
			sourceTree = "<group>";
		};
		2572E1511D8DD1BA0039C4C4 /* SkipUITests */ = {
			isa = PBXGroup;
			children = (
				2572E1521D8DD1BA0039C4C4 /* SkipUITests.m */,
				2572E1541D8DD1BA0039C4C4 /* Info.plist */,
			);
			path = SkipUITests;
			sourceTree = "<group>";
		};
/* End PBXGroup section */

/* Begin PBXNativeTarget section */
		2572E1291D8DD1BA0039C4C4 /* Skip */ = {
			isa = PBXNativeTarget;
			buildConfigurationList = 2572E1571D8DD1BA0039C4C4 /* Build configuration list for PBXNativeTarget "Skip" */;
			buildPhases = (
				2572E1261D8DD1BA0039C4C4 /* Sources */,
				2572E1271D8DD1BA0039C4C4 /* Frameworks */,
				2572E1281D8DD1BA0039C4C4 /* Resources */,
			);
			buildRules = (
			);
			dependencies = (
			);
			name = Skip;
			productName = Skip;
			productReference = 2572E12A1D8DD1BA0039C4C4 /* Skip.app */;
			productType = "com.apple.product-type.application";
		};
		2572E1421D8DD1BA0039C4C4 /* SkipTests */ = {
			isa = PBXNativeTarget;
			buildConfigurationList = 2572E15A1D8DD1BA0039C4C4 /* Build configuration list for PBXNativeTarget "SkipTests" */;
			buildPhases = (
				2572E13F1D8DD1BA0039C4C4 /* Sources */,
				2572E1401D8DD1BA0039C4C4 /* Frameworks */,
				2572E1411D8DD1BA0039C4C4 /* Resources */,
			);
			buildRules = (
			);
			dependencies = (
				2572E1451D8DD1BA0039C4C4 /* PBXTargetDependency */,
			);
			name = SkipTests;
			productName = SkipTests;
			productReference = 2572E1431D8DD1BA0039C4C4 /* SkipTests.xctest */;
			productType = "com.apple.product-type.bundle.unit-test";
		};
		2572E14D1D8DD1BA0039C4C4 /* SkipUITests */ = {
			isa = PBXNativeTarget;
			buildConfigurationList = 2572E15D1D8DD1BA0039C4C4 /* Build configuration list for PBXNativeTarget "SkipUITests" */;
			buildPhases = (
				2572E14A1D8DD1BA0039C4C4 /* Sources */,
				2572E14B1D8DD1BA0039C4C4 /* Frameworks */,
				2572E14C1D8DD1BA0039C4C4 /* Resources */,
			);
			buildRules = (
			);
			dependencies = (
				2572E1501D8DD1BA0039C4C4 /* PBXTargetDependency */,
			);
			name = SkipUITests;
			productName = SkipUITests;
			productReference = 2572E14E1D8DD1BA0039C4C4 /* SkipUITests.xctest */;
			productType = "com.apple.product-type.bundle.ui-testing";
		};
/* End PBXNativeTarget section */

/* Begin PBXProject section */
		2572E1221D8DD1BA0039C4C4 /* Project object */ = {
			isa = PBXProject;
			attributes = {
				LastUpgradeCheck = 0730;
				ORGANIZATIONNAME = "Thanakorn Suppakarnpanich";
				TargetAttributes = {
					2572E1291D8DD1BA0039C4C4 = {
						CreatedOnToolsVersion = 7.3.1;
					};
					2572E1421D8DD1BA0039C4C4 = {
						CreatedOnToolsVersion = 7.3.1;
						TestTargetID = 2572E1291D8DD1BA0039C4C4;
					};
					2572E14D1D8DD1BA0039C4C4 = {
						CreatedOnToolsVersion = 7.3.1;
						TestTargetID = 2572E1291D8DD1BA0039C4C4;
					};
				};
			};
			buildConfigurationList = 2572E1251D8DD1BA0039C4C4 /* Build configuration list for PBXProject "Skip" */;
			compatibilityVersion = "Xcode 3.2";
			developmentRegion = English;
			hasScannedForEncodings = 0;
			knownRegions = (
				en,
				Base,
			);
			mainGroup = 2572E1211D8DD1BA0039C4C4;
			productRefGroup = 2572E12B1D8DD1BA0039C4C4 /* Products */;
			projectDirPath = "";
			projectRoot = "";
			targets = (
				2572E1291D8DD1BA0039C4C4 /* Skip */,
				2572E1421D8DD1BA0039C4C4 /* SkipTests */,
				2572E14D1D8DD1BA0039C4C4 /* SkipUITests */,
			);
		};
/* End PBXProject section */

/* Begin PBXResourcesBuildPhase section */
		2572E1281D8DD1BA0039C4C4 /* Resources */ = {
			isa = PBXResourcesBuildPhase;
			buildActionMask = 2147483647;
			files = (
				2572E13D1D8DD1BA0039C4C4 /* LaunchScreen.storyboard in Resources */,
				2572E13A1D8DD1BA0039C4C4 /* Assets.xcassets in Resources */,
				2572E1381D8DD1BA0039C4C4 /* Main.storyboard in Resources */,
			);
			runOnlyForDeploymentPostprocessing = 0;
		};
		2572E1411D8DD1BA0039C4C4 /* Resources */ = {
			isa = PBXResourcesBuildPhase;
			buildActionMask = 2147483647;
			files = (
			);
			runOnlyForDeploymentPostprocessing = 0;
		};
		2572E14C1D8DD1BA0039C4C4 /* Resources */ = {
			isa = PBXResourcesBuildPhase;
			buildActionMask = 2147483647;
			files = (
			);
			runOnlyForDeploymentPostprocessing = 0;
		};
/* End PBXResourcesBuildPhase section */

/* Begin PBXSourcesBuildPhase section */
		2572E1261D8DD1BA0039C4C4 /* Sources */ = {
			isa = PBXSourcesBuildPhase;
			buildActionMask = 2147483647;
			files = (
				2572E1351D8DD1BA0039C4C4 /* ViewController.m in Sources */,
				2572E1321D8DD1BA0039C4C4 /* AppDelegate.m in Sources */,
				2572E12F1D8DD1BA0039C4C4 /* main.m in Sources */,
			);
			runOnlyForDeploymentPostprocessing = 0;
		};
		2572E13F1D8DD1BA0039C4C4 /* Sources */ = {
			isa = PBXSourcesBuildPhase;
			buildActionMask = 2147483647;
			files = (
				2572E1481D8DD1BA0039C4C4 /* SkipTests.m in Sources */,
			);
			runOnlyForDeploymentPostprocessing = 0;
		};
		2572E14A1D8DD1BA0039C4C4 /* Sources */ = {
			isa = PBXSourcesBuildPhase;
			buildActionMask = 2147483647;
			files = (
				2572E1531D8DD1BA0039C4C4 /* SkipUITests.m in Sources */,
			);
			runOnlyForDeploymentPostprocessing = 0;
		};
/* End PBXSourcesBuildPhase section */

/* Begin PBXTargetDependency section */
		2572E1451D8DD1BA0039C4C4 /* PBXTargetDependency */ = {
			isa = PBXTargetDependency;
			target = 2572E1291D8DD1BA0039C4C4 /* Skip */;
			targetProxy = 2572E1441D8DD1BA0039C4C4 /* PBXContainerItemProxy */;
		};
		2572E1501D8DD1BA0039C4C4 /* PBXTargetDependency */ = {
			isa = PBXTargetDependency;
			target = 2572E1291D8DD1BA0039C4C4 /* Skip */;
			targetProxy = 2572E14F1D8DD1BA0039C4C4 /* PBXContainerItemProxy */;
		};
/* End PBXTargetDependency section */

/* Begin PBXVariantGroup section */
		2572E1361D8DD1BA0039C4C4 /* Main.storyboard */ = {
			isa = PBXVariantGroup;
			children = (
				2572E1371D8DD1BA0039C4C4 /* Base */,
			);
			name = Main.storyboard;
			sourceTree = "<group>";
		};
		2572E13B1D8DD1BA0039C4C4 /* LaunchScreen.storyboard */ = {
			isa = PBXVariantGroup;
			children = (
				2572E13C1D8DD1BA0039C4C4 /* Base */,
			);
			name = LaunchScreen.storyboard;
			sourceTree = "<group>";
		};
/* End PBXVariantGroup section */

/* Begin XCBuildConfiguration section */
		2572E1551D8DD1BA0039C4C4 /* Debug */ = {
			isa = XCBuildConfiguration;
			buildSettings = {
				ALWAYS_SEARCH_USER_PATHS = NO;
				CLANG_ANALYZER_NONNULL = YES;
				CLANG_CXX_LANGUAGE_STANDARD = "gnu++0x";
				CLANG_CXX_LIBRARY = "libc++";
				CLANG_ENABLE_MODULES = YES;
				CLANG_ENABLE_OBJC_ARC = YES;
				CLANG_WARN_BOOL_CONVERSION = YES;
				CLANG_WARN_CONSTANT_CONVERSION = YES;
				CLANG_WARN_DIRECT_OBJC_ISA_USAGE = YES_ERROR;
				CLANG_WARN_EMPTY_BODY = YES;
				CLANG_WARN_ENUM_CONVERSION = YES;
				CLANG_WARN_INT_CONVERSION = YES;
				CLANG_WARN_OBJC_ROOT_CLASS = YES_ERROR;
				CLANG_WARN_UNREACHABLE_CODE = YES;
				CLANG_WARN__DUPLICATE_METHOD_MATCH = YES;
				"CODE_SIGN_IDENTITY[sdk=iphoneos*]" = "iPhone Developer";
				COPY_PHASE_STRIP = NO;
				DEBUG_INFORMATION_FORMAT = dwarf;
				ENABLE_STRICT_OBJC_MSGSEND = YES;
				ENABLE_TESTABILITY = YES;
				GCC_C_LANGUAGE_STANDARD = gnu99;
				GCC_DYNAMIC_NO_PIC = NO;
				GCC_NO_COMMON_BLOCKS = YES;
				GCC_OPTIMIZATION_LEVEL = 0;
				GCC_PREPROCESSOR_DEFINITIONS = (
					"DEBUG=1",
					"$(inherited)",
				);
				GCC_WARN_64_TO_32_BIT_CONVERSION = YES;
				GCC_WARN_ABOUT_RETURN_TYPE = YES_ERROR;
				GCC_WARN_UNDECLARED_SELECTOR = YES;
				GCC_WARN_UNINITIALIZED_AUTOS = YES_AGGRESSIVE;
				GCC_WARN_UNUSED_FUNCTION = YES;
				GCC_WARN_UNUSED_VARIABLE = YES;
				IPHONEOS_DEPLOYMENT_TARGET = 9.3;
				MTL_ENABLE_DEBUG_INFO = YES;
				ONLY_ACTIVE_ARCH = YES;
				SDKROOT = iphoneos;
			};
			name = Debug;
		};
		2572E1561D8DD1BA0039C4C4 /* Release */ = {
			isa = XCBuildConfiguration;
			buildSettings = {
				ALWAYS_SEARCH_USER_PATHS = NO;
				CLANG_ANALYZER_NONNULL = YES;
				CLANG_CXX_LANGUAGE_STANDARD = "gnu++0x";
				CLANG_CXX_LIBRARY = "libc++";
				CLANG_ENABLE_MODULES = YES;
				CLANG_ENABLE_OBJC_ARC = YES;
				CLANG_WARN_BOOL_CONVERSION = YES;
				CLANG_WARN_CONSTANT_CONVERSION = YES;
				CLANG_WARN_DIRECT_OBJC_ISA_USAGE = YES_ERROR;
				CLANG_WARN_EMPTY_BODY = YES;
				CLANG_WARN_ENUM_CONVERSION = YES;
				CLANG_WARN_INT_CONVERSION = YES;
				CLANG_WARN_OBJC_ROOT_CLASS = YES_ERROR;
				CLANG_WARN_UNREACHABLE_CODE = YES;
				CLANG_WARN__DUPLICATE_METHOD_MATCH = YES;
				"CODE_SIGN_IDENTITY[sdk=iphoneos*]" = "iPhone Developer";
				COPY_PHASE_STRIP = NO;
				DEBUG_INFORMATION_FORMAT = "dwarf-with-dsym";
				ENABLE_NS_ASSERTIONS = NO;
				ENABLE_STRICT_OBJC_MSGSEND = YES;
				GCC_C_LANGUAGE_STANDARD = gnu99;
				GCC_NO_COMMON_BLOCKS = YES;
				GCC_WARN_64_TO_32_BIT_CONVERSION = YES;
				GCC_WARN_ABOUT_RETURN_TYPE = YES_ERROR;
				GCC_WARN_UNDECLARED_SELECTOR = YES;
				GCC_WARN_UNINITIALIZED_AUTOS = YES_AGGRESSIVE;
				GCC_WARN_UNUSED_FUNCTION = YES;
				GCC_WARN_UNUSED_VARIABLE = YES;
				IPHONEOS_DEPLOYMENT_TARGET = 9.3;
				MTL_ENABLE_DEBUG_INFO = NO;
				SDKROOT = iphoneos;
				VALIDATE_PRODUCT = YES;
			};
			name = Release;
		};
		2572E1581D8DD1BA0039C4C4 /* Debug */ = {
			isa = XCBuildConfiguration;
			buildSettings = {
				ASSETCATALOG_COMPILER_APPICON_NAME = AppIcon;
				INFOPLIST_FILE = Skip/Info.plist;
				LD_RUNPATH_SEARCH_PATHS = "$(inherited) @executable_path/Frameworks";
				PRODUCT_BUNDLE_IDENTIFIER = edu.usc.Skip;
				PRODUCT_NAME = "$(TARGET_NAME)";
			};
			name = Debug;
		};
		2572E1591D8DD1BA0039C4C4 /* Release */ = {
			isa = XCBuildConfiguration;
			buildSettings = {
				ASSETCATALOG_COMPILER_APPICON_NAME = AppIcon;
				INFOPLIST_FILE = Skip/Info.plist;
				LD_RUNPATH_SEARCH_PATHS = "$(inherited) @executable_path/Frameworks";
				PRODUCT_BUNDLE_IDENTIFIER = edu.usc.Skip;
				PRODUCT_NAME = "$(TARGET_NAME)";
			};
			name = Release;
		};
		2572E15B1D8DD1BA0039C4C4 /* Debug */ = {
			isa = XCBuildConfiguration;
			buildSettings = {
				BUNDLE_LOADER = "$(TEST_HOST)";
				INFOPLIST_FILE = SkipTests/Info.plist;
				LD_RUNPATH_SEARCH_PATHS = "$(inherited) @executable_path/Frameworks @loader_path/Frameworks";
				PRODUCT_BUNDLE_IDENTIFIER = edu.usc.SkipTests;
				PRODUCT_NAME = "$(TARGET_NAME)";
				TEST_HOST = "$(BUILT_PRODUCTS_DIR)/Skip.app/Skip";
			};
			name = Debug;
		};
		2572E15C1D8DD1BA0039C4C4 /* Release */ = {
			isa = XCBuildConfiguration;
			buildSettings = {
				BUNDLE_LOADER = "$(TEST_HOST)";
				INFOPLIST_FILE = SkipTests/Info.plist;
				LD_RUNPATH_SEARCH_PATHS = "$(inherited) @executable_path/Frameworks @loader_path/Frameworks";
				PRODUCT_BUNDLE_IDENTIFIER = edu.usc.SkipTests;
				PRODUCT_NAME = "$(TARGET_NAME)";
				TEST_HOST = "$(BUILT_PRODUCTS_DIR)/Skip.app/Skip";
			};
			name = Release;
		};
		2572E15E1D8DD1BA0039C4C4 /* Debug */ = {
			isa = XCBuildConfiguration;
			buildSettings = {
				INFOPLIST_FILE = SkipUITests/Info.plist;
				LD_RUNPATH_SEARCH_PATHS = "$(inherited) @executable_path/Frameworks @loader_path/Frameworks";
				PRODUCT_BUNDLE_IDENTIFIER = edu.usc.SkipUITests;
				PRODUCT_NAME = "$(TARGET_NAME)";
				TEST_TARGET_NAME = Skip;
			};
			name = Debug;
		};
		2572E15F1D8DD1BA0039C4C4 /* Release */ = {
			isa = XCBuildConfiguration;
			buildSettings = {
				INFOPLIST_FILE = SkipUITests/Info.plist;
				LD_RUNPATH_SEARCH_PATHS = "$(inherited) @executable_path/Frameworks @loader_path/Frameworks";
				PRODUCT_BUNDLE_IDENTIFIER = edu.usc.SkipUITests;
				PRODUCT_NAME = "$(TARGET_NAME)";
				TEST_TARGET_NAME = Skip;
			};
			name = Release;
		};
/* End XCBuildConfiguration section */

/* Begin XCConfigurationList section */
		2572E1251D8DD1BA0039C4C4 /* Build configuration list for PBXProject "Skip" */ = {
			isa = XCConfigurationList;
			buildConfigurations = (
				2572E1551D8DD1BA0039C4C4 /* Debug */,
				2572E1561D8DD1BA0039C4C4 /* Release */,
			);
			defaultConfigurationIsVisible = 0;
			defaultConfigurationName = Release;
		};
		2572E1571D8DD1BA0039C4C4 /* Build configuration list for PBXNativeTarget "Skip" */ = {
			isa = XCConfigurationList;
			buildConfigurations = (
				2572E1581D8DD1BA0039C4C4 /* Debug */,
				2572E1591D8DD1BA0039C4C4 /* Release */,
			);
			defaultConfigurationIsVisible = 0;
		};
		2572E15A1D8DD1BA0039C4C4 /* Build configuration list for PBXNativeTarget "SkipTests" */ = {
			isa = XCConfigurationList;
			buildConfigurations = (
				2572E15B1D8DD1BA0039C4C4 /* Debug */,
				2572E15C1D8DD1BA0039C4C4 /* Release */,
			);
			defaultConfigurationIsVisible = 0;
		};
		2572E15D1D8DD1BA0039C4C4 /* Build configuration list for PBXNativeTarget "SkipUITests" */ = {
			isa = XCConfigurationList;
			buildConfigurations = (
				2572E15E1D8DD1BA0039C4C4 /* Debug */,
				2572E15F1D8DD1BA0039C4C4 /* Release */,
			);
			defaultConfigurationIsVisible = 0;
		};
/* End XCConfigurationList section */
	};
	rootObject = 2572E1221D8DD1BA0039C4C4 /* Project object */;
}
